// !$*UTF8*$!
{
	archiveVersion = 1;
	classes = {
	};
	objectVersion = 56;
	objects = {

/* Begin PBXBuildFile section */
		6FF0F6322A14BC2100E41395 /* MelakaApp.swift in Sources */ = {isa = PBXBuildFile; fileRef = 6FF0F6312A14BC2100E41395 /* MelakaApp.swift */; };
		6FF0F6342A14BC2100E41395 /* ContentView.swift in Sources */ = {isa = PBXBuildFile; fileRef = 6FF0F6332A14BC2100E41395 /* ContentView.swift */; };
		6FF0F6362A14BC2300E41395 /* Assets.xcassets in Resources */ = {isa = PBXBuildFile; fileRef = 6FF0F6352A14BC2300E41395 /* Assets.xcassets */; };
		6FF0F6392A14BC2300E41395 /* Preview Assets.xcassets in Resources */ = {isa = PBXBuildFile; fileRef = 6FF0F6382A14BC2300E41395 /* Preview Assets.xcassets */; };
		6FF0F6432A14BC2300E41395 /* MelakaTests.swift in Sources */ = {isa = PBXBuildFile; fileRef = 6FF0F6422A14BC2300E41395 /* MelakaTests.swift */; };
		6FF0F65C2A14C84C00E41395 /* LaunchScreen.storyboard in Resources */ = {isa = PBXBuildFile; fileRef = 6FF0F65B2A14C84C00E41395 /* LaunchScreen.storyboard */; };
		CBD9DB2E2A15CC0A00770345 /* SomeModel.swift in Sources */ = {isa = PBXBuildFile; fileRef = CBD9DB2D2A15CC0A00770345 /* SomeModel.swift */; };
		CBD9DB412A1AEF5000770345 /* Domain.framework in Frameworks */ = {isa = PBXBuildFile; fileRef = CBD9DB392A1AEF5000770345 /* Domain.framework */; };
		CBD9DB482A1AEF5000770345 /* DomainTests.swift in Sources */ = {isa = PBXBuildFile; fileRef = CBD9DB472A1AEF5000770345 /* DomainTests.swift */; };
		CBD9DB492A1AEF5000770345 /* Domain.h in Headers */ = {isa = PBXBuildFile; fileRef = CBD9DB3B2A1AEF5000770345 /* Domain.h */; settings = {ATTRIBUTES = (Public, ); }; };
		CBD9DB4C2A1AEF5000770345 /* Domain.framework in Frameworks */ = {isa = PBXBuildFile; fileRef = CBD9DB392A1AEF5000770345 /* Domain.framework */; };
		CBD9DB4D2A1AEF5000770345 /* Domain.framework in Embed Frameworks */ = {isa = PBXBuildFile; fileRef = CBD9DB392A1AEF5000770345 /* Domain.framework */; settings = {ATTRIBUTES = (CodeSignOnCopy, RemoveHeadersOnCopy, ); }; };
		CBD9DB622A1AF5A400770345 /* API.framework in Frameworks */ = {isa = PBXBuildFile; fileRef = CBD9DB5A2A1AF5A400770345 /* API.framework */; };
		CBD9DB692A1AF5A400770345 /* APITests.swift in Sources */ = {isa = PBXBuildFile; fileRef = CBD9DB682A1AF5A400770345 /* APITests.swift */; };
		CBD9DB6A2A1AF5A400770345 /* API.h in Headers */ = {isa = PBXBuildFile; fileRef = CBD9DB5C2A1AF5A400770345 /* API.h */; settings = {ATTRIBUTES = (Public, ); }; };
		CBD9DB6D2A1AF5A400770345 /* API.framework in Frameworks */ = {isa = PBXBuildFile; fileRef = CBD9DB5A2A1AF5A400770345 /* API.framework */; };
		CBD9DB6E2A1AF5A400770345 /* API.framework in Embed Frameworks */ = {isa = PBXBuildFile; fileRef = CBD9DB5A2A1AF5A400770345 /* API.framework */; settings = {ATTRIBUTES = (CodeSignOnCopy, RemoveHeadersOnCopy, ); }; };
		CBD9DB772A1AF5BA00770345 /* Alamofire in Frameworks */ = {isa = PBXBuildFile; productRef = CBD9DB762A1AF5BA00770345 /* Alamofire */; };
/* End PBXBuildFile section */

/* Begin PBXContainerItemProxy section */
		6FF0F63F2A14BC2300E41395 /* PBXContainerItemProxy */ = {
			isa = PBXContainerItemProxy;
			containerPortal = 6FF0F6262A14BC2100E41395 /* Project object */;
			proxyType = 1;
			remoteGlobalIDString = 6FF0F62D2A14BC2100E41395;
			remoteInfo = Melaka;
		};
		CBD9DB422A1AEF5000770345 /* PBXContainerItemProxy */ = {
			isa = PBXContainerItemProxy;
			containerPortal = 6FF0F6262A14BC2100E41395 /* Project object */;
			proxyType = 1;
			remoteGlobalIDString = CBD9DB382A1AEF5000770345;
			remoteInfo = Domain;
		};
		CBD9DB442A1AEF5000770345 /* PBXContainerItemProxy */ = {
			isa = PBXContainerItemProxy;
			containerPortal = 6FF0F6262A14BC2100E41395 /* Project object */;
			proxyType = 1;
			remoteGlobalIDString = 6FF0F62D2A14BC2100E41395;
			remoteInfo = Melaka;
		};
		CBD9DB4A2A1AEF5000770345 /* PBXContainerItemProxy */ = {
			isa = PBXContainerItemProxy;
			containerPortal = 6FF0F6262A14BC2100E41395 /* Project object */;
			proxyType = 1;
			remoteGlobalIDString = CBD9DB382A1AEF5000770345;
			remoteInfo = Domain;
		};
		CBD9DB632A1AF5A400770345 /* PBXContainerItemProxy */ = {
			isa = PBXContainerItemProxy;
			containerPortal = 6FF0F6262A14BC2100E41395 /* Project object */;
			proxyType = 1;
			remoteGlobalIDString = CBD9DB592A1AF5A400770345;
			remoteInfo = API;
		};
		CBD9DB652A1AF5A400770345 /* PBXContainerItemProxy */ = {
			isa = PBXContainerItemProxy;
			containerPortal = 6FF0F6262A14BC2100E41395 /* Project object */;
			proxyType = 1;
			remoteGlobalIDString = 6FF0F62D2A14BC2100E41395;
			remoteInfo = Melaka;
		};
		CBD9DB6B2A1AF5A400770345 /* PBXContainerItemProxy */ = {
			isa = PBXContainerItemProxy;
			containerPortal = 6FF0F6262A14BC2100E41395 /* Project object */;
			proxyType = 1;
			remoteGlobalIDString = CBD9DB592A1AF5A400770345;
			remoteInfo = API;
		};
/* End PBXContainerItemProxy section */

/* Begin PBXCopyFilesBuildPhase section */
		CBD9DB512A1AEF5000770345 /* Embed Frameworks */ = {
			isa = PBXCopyFilesBuildPhase;
			buildActionMask = 2147483647;
			dstPath = "";
			dstSubfolderSpec = 10;
			files = (
				CBD9DB4D2A1AEF5000770345 /* Domain.framework in Embed Frameworks */,
				CBD9DB6E2A1AF5A400770345 /* API.framework in Embed Frameworks */,
			);
			name = "Embed Frameworks";
			runOnlyForDeploymentPostprocessing = 0;
		};
/* End PBXCopyFilesBuildPhase section */

/* Begin PBXFileReference section */
		6FF0F62E2A14BC2100E41395 /* Melaka.app */ = {isa = PBXFileReference; explicitFileType = wrapper.application; includeInIndex = 0; path = Melaka.app; sourceTree = BUILT_PRODUCTS_DIR; };
		6FF0F6312A14BC2100E41395 /* MelakaApp.swift */ = {isa = PBXFileReference; lastKnownFileType = sourcecode.swift; path = MelakaApp.swift; sourceTree = "<group>"; };
		6FF0F6332A14BC2100E41395 /* ContentView.swift */ = {isa = PBXFileReference; lastKnownFileType = sourcecode.swift; path = ContentView.swift; sourceTree = "<group>"; };
		6FF0F6352A14BC2300E41395 /* Assets.xcassets */ = {isa = PBXFileReference; lastKnownFileType = folder.assetcatalog; path = Assets.xcassets; sourceTree = "<group>"; };
		6FF0F6382A14BC2300E41395 /* Preview Assets.xcassets */ = {isa = PBXFileReference; lastKnownFileType = folder.assetcatalog; path = "Preview Assets.xcassets"; sourceTree = "<group>"; };
		6FF0F63E2A14BC2300E41395 /* MelakaTests.xctest */ = {isa = PBXFileReference; explicitFileType = wrapper.cfbundle; includeInIndex = 0; path = MelakaTests.xctest; sourceTree = BUILT_PRODUCTS_DIR; };
		6FF0F6422A14BC2300E41395 /* MelakaTests.swift */ = {isa = PBXFileReference; lastKnownFileType = sourcecode.swift; path = MelakaTests.swift; sourceTree = "<group>"; };
		6FF0F65B2A14C84C00E41395 /* LaunchScreen.storyboard */ = {isa = PBXFileReference; lastKnownFileType = file.storyboard; name = LaunchScreen.storyboard; path = ../../melaka/Melaka/LaunchScreen.storyboard; sourceTree = "<group>"; };
		CBD9DB2D2A15CC0A00770345 /* SomeModel.swift */ = {isa = PBXFileReference; lastKnownFileType = sourcecode.swift; path = SomeModel.swift; sourceTree = "<group>"; };
		CBD9DB392A1AEF5000770345 /* Domain.framework */ = {isa = PBXFileReference; explicitFileType = wrapper.framework; includeInIndex = 0; path = Domain.framework; sourceTree = BUILT_PRODUCTS_DIR; };
		CBD9DB3B2A1AEF5000770345 /* Domain.h */ = {isa = PBXFileReference; lastKnownFileType = sourcecode.c.h; path = Domain.h; sourceTree = "<group>"; };
		CBD9DB402A1AEF5000770345 /* DomainTests.xctest */ = {isa = PBXFileReference; explicitFileType = wrapper.cfbundle; includeInIndex = 0; path = DomainTests.xctest; sourceTree = BUILT_PRODUCTS_DIR; };
		CBD9DB472A1AEF5000770345 /* DomainTests.swift */ = {isa = PBXFileReference; lastKnownFileType = sourcecode.swift; path = DomainTests.swift; sourceTree = "<group>"; };
		CBD9DB5A2A1AF5A400770345 /* API.framework */ = {isa = PBXFileReference; explicitFileType = wrapper.framework; includeInIndex = 0; path = API.framework; sourceTree = BUILT_PRODUCTS_DIR; };
		CBD9DB5C2A1AF5A400770345 /* API.h */ = {isa = PBXFileReference; lastKnownFileType = sourcecode.c.h; path = API.h; sourceTree = "<group>"; };
		CBD9DB612A1AF5A400770345 /* APITests.xctest */ = {isa = PBXFileReference; explicitFileType = wrapper.cfbundle; includeInIndex = 0; path = APITests.xctest; sourceTree = BUILT_PRODUCTS_DIR; };
		CBD9DB682A1AF5A400770345 /* APITests.swift */ = {isa = PBXFileReference; lastKnownFileType = sourcecode.swift; path = APITests.swift; sourceTree = "<group>"; };
/* End PBXFileReference section */

/* Begin PBXFrameworksBuildPhase section */
		6FF0F62B2A14BC2100E41395 /* Frameworks */ = {
			isa = PBXFrameworksBuildPhase;
			buildActionMask = 2147483647;
			files = (
				CBD9DB4C2A1AEF5000770345 /* Domain.framework in Frameworks */,
				CBD9DB6D2A1AF5A400770345 /* API.framework in Frameworks */,
			);
			runOnlyForDeploymentPostprocessing = 0;
		};
		6FF0F63B2A14BC2300E41395 /* Frameworks */ = {
			isa = PBXFrameworksBuildPhase;
			buildActionMask = 2147483647;
			files = (
			);
			runOnlyForDeploymentPostprocessing = 0;
		};
		CBD9DB362A1AEF5000770345 /* Frameworks */ = {
			isa = PBXFrameworksBuildPhase;
			buildActionMask = 2147483647;
			files = (
			);
			runOnlyForDeploymentPostprocessing = 0;
		};
		CBD9DB3D2A1AEF5000770345 /* Frameworks */ = {
			isa = PBXFrameworksBuildPhase;
			buildActionMask = 2147483647;
			files = (
				CBD9DB412A1AEF5000770345 /* Domain.framework in Frameworks */,
			);
			runOnlyForDeploymentPostprocessing = 0;
		};
		CBD9DB572A1AF5A400770345 /* Frameworks */ = {
			isa = PBXFrameworksBuildPhase;
			buildActionMask = 2147483647;
			files = (
				CBD9DB772A1AF5BA00770345 /* Alamofire in Frameworks */,
			);
			runOnlyForDeploymentPostprocessing = 0;
		};
		CBD9DB5E2A1AF5A400770345 /* Frameworks */ = {
			isa = PBXFrameworksBuildPhase;
			buildActionMask = 2147483647;
			files = (
				CBD9DB622A1AF5A400770345 /* API.framework in Frameworks */,
			);
			runOnlyForDeploymentPostprocessing = 0;
		};
/* End PBXFrameworksBuildPhase section */

/* Begin PBXGroup section */
		6FF0F6252A14BC2100E41395 = {
			isa = PBXGroup;
			children = (
				6FF0F6302A14BC2100E41395 /* Melaka */,
				6FF0F6412A14BC2300E41395 /* MelakaTests */,
				CBD9DB3A2A1AEF5000770345 /* Domain */,
				CBD9DB462A1AEF5000770345 /* DomainTests */,
				CBD9DB5B2A1AF5A400770345 /* API */,
				CBD9DB672A1AF5A400770345 /* APITests */,
				6FF0F62F2A14BC2100E41395 /* Products */,
			);
			sourceTree = "<group>";
		};
		6FF0F62F2A14BC2100E41395 /* Products */ = {
			isa = PBXGroup;
			children = (
				6FF0F62E2A14BC2100E41395 /* Melaka.app */,
				6FF0F63E2A14BC2300E41395 /* MelakaTests.xctest */,
				CBD9DB392A1AEF5000770345 /* Domain.framework */,
				CBD9DB402A1AEF5000770345 /* DomainTests.xctest */,
				CBD9DB5A2A1AF5A400770345 /* API.framework */,
				CBD9DB612A1AF5A400770345 /* APITests.xctest */,
			);
			name = Products;
			sourceTree = "<group>";
		};
		6FF0F6302A14BC2100E41395 /* Melaka */ = {
			isa = PBXGroup;
			children = (
				6FF0F65B2A14C84C00E41395 /* LaunchScreen.storyboard */,
				6FF0F6332A14BC2100E41395 /* ContentView.swift */,
				6FF0F6312A14BC2100E41395 /* MelakaApp.swift */,
				CBD9DB2D2A15CC0A00770345 /* SomeModel.swift */,
				6FF0F6352A14BC2300E41395 /* Assets.xcassets */,
				6FF0F6372A14BC2300E41395 /* Preview Content */,
			);
			path = Melaka;
			sourceTree = "<group>";
		};
		6FF0F6372A14BC2300E41395 /* Preview Content */ = {
			isa = PBXGroup;
			children = (
				6FF0F6382A14BC2300E41395 /* Preview Assets.xcassets */,
			);
			path = "Preview Content";
			sourceTree = "<group>";
		};
		6FF0F6412A14BC2300E41395 /* MelakaTests */ = {
			isa = PBXGroup;
			children = (
				6FF0F6422A14BC2300E41395 /* MelakaTests.swift */,
			);
			path = MelakaTests;
			sourceTree = "<group>";
		};
		CBD9DB3A2A1AEF5000770345 /* Domain */ = {
			isa = PBXGroup;
			children = (
				CBD9DB3B2A1AEF5000770345 /* Domain.h */,
			);
			path = Domain;
			sourceTree = "<group>";
		};
		CBD9DB462A1AEF5000770345 /* DomainTests */ = {
			isa = PBXGroup;
			children = (
				CBD9DB472A1AEF5000770345 /* DomainTests.swift */,
			);
			path = DomainTests;
			sourceTree = "<group>";
		};
		CBD9DB5B2A1AF5A400770345 /* API */ = {
			isa = PBXGroup;
			children = (
				CBD9DB5C2A1AF5A400770345 /* API.h */,
			);
			path = API;
			sourceTree = "<group>";
		};
		CBD9DB672A1AF5A400770345 /* APITests */ = {
			isa = PBXGroup;
			children = (
				CBD9DB682A1AF5A400770345 /* APITests.swift */,
			);
			path = APITests;
			sourceTree = "<group>";
		};
/* End PBXGroup section */

/* Begin PBXHeadersBuildPhase section */
		CBD9DB342A1AEF5000770345 /* Headers */ = {
			isa = PBXHeadersBuildPhase;
			buildActionMask = 2147483647;
			files = (
				CBD9DB492A1AEF5000770345 /* Domain.h in Headers */,
			);
			runOnlyForDeploymentPostprocessing = 0;
		};
		CBD9DB552A1AF5A400770345 /* Headers */ = {
			isa = PBXHeadersBuildPhase;
			buildActionMask = 2147483647;
			files = (
				CBD9DB6A2A1AF5A400770345 /* API.h in Headers */,
			);
			runOnlyForDeploymentPostprocessing = 0;
		};
/* End PBXHeadersBuildPhase section */

/* Begin PBXNativeTarget section */
		6FF0F62D2A14BC2100E41395 /* Melaka */ = {
			isa = PBXNativeTarget;
			buildConfigurationList = 6FF0F6522A14BC2300E41395 /* Build configuration list for PBXNativeTarget "Melaka" */;
			buildPhases = (
				CBD9DB2F2A1700C500770345 /* ShellScript */,
				6FF0F62A2A14BC2100E41395 /* Sources */,
				6FF0F62B2A14BC2100E41395 /* Frameworks */,
				6FF0F62C2A14BC2100E41395 /* Resources */,
				CBD9DB512A1AEF5000770345 /* Embed Frameworks */,
			);
			buildRules = (
			);
			dependencies = (
				CBD9DB4B2A1AEF5000770345 /* PBXTargetDependency */,
				CBD9DB6C2A1AF5A400770345 /* PBXTargetDependency */,
			);
			name = Melaka;
			packageProductDependencies = (
			);
			productName = Melaka;
			productReference = 6FF0F62E2A14BC2100E41395 /* Melaka.app */;
			productType = "com.apple.product-type.application";
		};
		6FF0F63D2A14BC2300E41395 /* MelakaTests */ = {
			isa = PBXNativeTarget;
			buildConfigurationList = 6FF0F6552A14BC2300E41395 /* Build configuration list for PBXNativeTarget "MelakaTests" */;
			buildPhases = (
				6FF0F63A2A14BC2300E41395 /* Sources */,
				6FF0F63B2A14BC2300E41395 /* Frameworks */,
				6FF0F63C2A14BC2300E41395 /* Resources */,
			);
			buildRules = (
			);
			dependencies = (
				6FF0F6402A14BC2300E41395 /* PBXTargetDependency */,
			);
			name = MelakaTests;
			productName = MelakaTests;
			productReference = 6FF0F63E2A14BC2300E41395 /* MelakaTests.xctest */;
			productType = "com.apple.product-type.bundle.unit-test";
		};
		CBD9DB382A1AEF5000770345 /* Domain */ = {
			isa = PBXNativeTarget;
			buildConfigurationList = CBD9DB4E2A1AEF5000770345 /* Build configuration list for PBXNativeTarget "Domain" */;
			buildPhases = (
				CBD9DB342A1AEF5000770345 /* Headers */,
				CBD9DB352A1AEF5000770345 /* Sources */,
				CBD9DB362A1AEF5000770345 /* Frameworks */,
				CBD9DB372A1AEF5000770345 /* Resources */,
			);
			buildRules = (
			);
			dependencies = (
			);
			name = Domain;
			productName = Domain;
			productReference = CBD9DB392A1AEF5000770345 /* Domain.framework */;
			productType = "com.apple.product-type.framework";
		};
		CBD9DB3F2A1AEF5000770345 /* DomainTests */ = {
			isa = PBXNativeTarget;
			buildConfigurationList = CBD9DB522A1AEF5000770345 /* Build configuration list for PBXNativeTarget "DomainTests" */;
			buildPhases = (
				CBD9DB3C2A1AEF5000770345 /* Sources */,
				CBD9DB3D2A1AEF5000770345 /* Frameworks */,
				CBD9DB3E2A1AEF5000770345 /* Resources */,
			);
			buildRules = (
			);
			dependencies = (
				CBD9DB432A1AEF5000770345 /* PBXTargetDependency */,
				CBD9DB452A1AEF5000770345 /* PBXTargetDependency */,
			);
			name = DomainTests;
			productName = DomainTests;
			productReference = CBD9DB402A1AEF5000770345 /* DomainTests.xctest */;
			productType = "com.apple.product-type.bundle.unit-test";
		};
		CBD9DB592A1AF5A400770345 /* API */ = {
			isa = PBXNativeTarget;
			buildConfigurationList = CBD9DB6F2A1AF5A400770345 /* Build configuration list for PBXNativeTarget "API" */;
			buildPhases = (
				CBD9DB552A1AF5A400770345 /* Headers */,
				CBD9DB562A1AF5A400770345 /* Sources */,
				CBD9DB572A1AF5A400770345 /* Frameworks */,
				CBD9DB582A1AF5A400770345 /* Resources */,
			);
			buildRules = (
			);
			dependencies = (
			);
			name = API;
			packageProductDependencies = (
				CBD9DB762A1AF5BA00770345 /* Alamofire */,
			);
			productName = API;
			productReference = CBD9DB5A2A1AF5A400770345 /* API.framework */;
			productType = "com.apple.product-type.framework";
		};
		CBD9DB602A1AF5A400770345 /* APITests */ = {
			isa = PBXNativeTarget;
			buildConfigurationList = CBD9DB722A1AF5A400770345 /* Build configuration list for PBXNativeTarget "APITests" */;
			buildPhases = (
				CBD9DB5D2A1AF5A400770345 /* Sources */,
				CBD9DB5E2A1AF5A400770345 /* Frameworks */,
				CBD9DB5F2A1AF5A400770345 /* Resources */,
			);
			buildRules = (
			);
			dependencies = (
				CBD9DB642A1AF5A400770345 /* PBXTargetDependency */,
				CBD9DB662A1AF5A400770345 /* PBXTargetDependency */,
			);
			name = APITests;
			productName = APITests;
			productReference = CBD9DB612A1AF5A400770345 /* APITests.xctest */;
			productType = "com.apple.product-type.bundle.unit-test";
		};
/* End PBXNativeTarget section */

/* Begin PBXProject section */
		6FF0F6262A14BC2100E41395 /* Project object */ = {
			isa = PBXProject;
			attributes = {
				BuildIndependentTargetsInParallel = 1;
				LastSwiftUpdateCheck = 1430;
				LastUpgradeCheck = 1430;
				TargetAttributes = {
					6FF0F62D2A14BC2100E41395 = {
						CreatedOnToolsVersion = 14.3;
					};
					6FF0F63D2A14BC2300E41395 = {
						CreatedOnToolsVersion = 14.3;
						TestTargetID = 6FF0F62D2A14BC2100E41395;
					};
					CBD9DB382A1AEF5000770345 = {
						CreatedOnToolsVersion = 14.3;
					};
					CBD9DB3F2A1AEF5000770345 = {
						CreatedOnToolsVersion = 14.3;
					};
					CBD9DB592A1AF5A400770345 = {
						CreatedOnToolsVersion = 14.3;
					};
					CBD9DB602A1AF5A400770345 = {
						CreatedOnToolsVersion = 14.3;
					};
				};
			};
			buildConfigurationList = 6FF0F6292A14BC2100E41395 /* Build configuration list for PBXProject "Melaka" */;
			compatibilityVersion = "Xcode 14.0";
			developmentRegion = en;
			hasScannedForEncodings = 0;
			knownRegions = (
				en,
				Base,
			);
			mainGroup = 6FF0F6252A14BC2100E41395;
			packageReferences = (
				CBD9DB312A1AED4900770345 /* XCRemoteSwiftPackageReference "Alamofire" */,
			);
			productRefGroup = 6FF0F62F2A14BC2100E41395 /* Products */;
			projectDirPath = "";
			projectRoot = "";
			targets = (
				6FF0F62D2A14BC2100E41395 /* Melaka */,
				6FF0F63D2A14BC2300E41395 /* MelakaTests */,
				CBD9DB382A1AEF5000770345 /* Domain */,
				CBD9DB3F2A1AEF5000770345 /* DomainTests */,
				CBD9DB592A1AF5A400770345 /* API */,
				CBD9DB602A1AF5A400770345 /* APITests */,
			);
		};
/* End PBXProject section */

/* Begin PBXResourcesBuildPhase section */
		6FF0F62C2A14BC2100E41395 /* Resources */ = {
			isa = PBXResourcesBuildPhase;
			buildActionMask = 2147483647;
			files = (
				6FF0F65C2A14C84C00E41395 /* LaunchScreen.storyboard in Resources */,
				6FF0F6392A14BC2300E41395 /* Preview Assets.xcassets in Resources */,
				6FF0F6362A14BC2300E41395 /* Assets.xcassets in Resources */,
			);
			runOnlyForDeploymentPostprocessing = 0;
		};
		6FF0F63C2A14BC2300E41395 /* Resources */ = {
			isa = PBXResourcesBuildPhase;
			buildActionMask = 2147483647;
			files = (
			);
			runOnlyForDeploymentPostprocessing = 0;
		};
		CBD9DB372A1AEF5000770345 /* Resources */ = {
			isa = PBXResourcesBuildPhase;
			buildActionMask = 2147483647;
			files = (
			);
			runOnlyForDeploymentPostprocessing = 0;
		};
		CBD9DB3E2A1AEF5000770345 /* Resources */ = {
			isa = PBXResourcesBuildPhase;
			buildActionMask = 2147483647;
			files = (
			);
			runOnlyForDeploymentPostprocessing = 0;
		};
		CBD9DB582A1AF5A400770345 /* Resources */ = {
			isa = PBXResourcesBuildPhase;
			buildActionMask = 2147483647;
			files = (
			);
			runOnlyForDeploymentPostprocessing = 0;
		};
		CBD9DB5F2A1AF5A400770345 /* Resources */ = {
			isa = PBXResourcesBuildPhase;
			buildActionMask = 2147483647;
			files = (
			);
			runOnlyForDeploymentPostprocessing = 0;
		};
/* End PBXResourcesBuildPhase section */

/* Begin PBXShellScriptBuildPhase section */
		CBD9DB2F2A1700C500770345 /* ShellScript */ = {
			isa = PBXShellScriptBuildPhase;
			alwaysOutOfDate = 1;
			buildActionMask = 2147483647;
			files = (
			);
			inputFileListPaths = (
			);
			inputPaths = (
				"$(SRCROOT)/.swiftlint.yml",
			);
			outputFileListPaths = (
			);
			outputPaths = (
			);
			runOnlyForDeploymentPostprocessing = 0;
			shellPath = /bin/sh;
			shellScript = "# Type a script or drag a script file from your workspace to insert its path.\nif [[ \"$(uname -m)\" == arm64 ]]; then\n    export PATH=\"/opt/homebrew/bin:$PATH\"\nfi\n\nif which swiftlint > /dev/null; then\n  swiftlint --fix && swiftlint\nelse\n  echo \"warning: SwiftLint not installed\"\nfi\n";
		};
/* End PBXShellScriptBuildPhase section */

/* Begin PBXSourcesBuildPhase section */
		6FF0F62A2A14BC2100E41395 /* Sources */ = {
			isa = PBXSourcesBuildPhase;
			buildActionMask = 2147483647;
			files = (
				6FF0F6342A14BC2100E41395 /* ContentView.swift in Sources */,
				CBD9DB2E2A15CC0A00770345 /* SomeModel.swift in Sources */,
				6FF0F6322A14BC2100E41395 /* MelakaApp.swift in Sources */,
			);
			runOnlyForDeploymentPostprocessing = 0;
		};
		6FF0F63A2A14BC2300E41395 /* Sources */ = {
			isa = PBXSourcesBuildPhase;
			buildActionMask = 2147483647;
			files = (
				6FF0F6432A14BC2300E41395 /* MelakaTests.swift in Sources */,
			);
			runOnlyForDeploymentPostprocessing = 0;
		};
		CBD9DB352A1AEF5000770345 /* Sources */ = {
			isa = PBXSourcesBuildPhase;
			buildActionMask = 2147483647;
			files = (
			);
			runOnlyForDeploymentPostprocessing = 0;
		};
		CBD9DB3C2A1AEF5000770345 /* Sources */ = {
			isa = PBXSourcesBuildPhase;
			buildActionMask = 2147483647;
			files = (
				CBD9DB482A1AEF5000770345 /* DomainTests.swift in Sources */,
			);
			runOnlyForDeploymentPostprocessing = 0;
		};
		CBD9DB562A1AF5A400770345 /* Sources */ = {
			isa = PBXSourcesBuildPhase;
			buildActionMask = 2147483647;
			files = (
			);
			runOnlyForDeploymentPostprocessing = 0;
		};
		CBD9DB5D2A1AF5A400770345 /* Sources */ = {
			isa = PBXSourcesBuildPhase;
			buildActionMask = 2147483647;
			files = (
				CBD9DB692A1AF5A400770345 /* APITests.swift in Sources */,
			);
			runOnlyForDeploymentPostprocessing = 0;
		};
/* End PBXSourcesBuildPhase section */

/* Begin PBXTargetDependency section */
		6FF0F6402A14BC2300E41395 /* PBXTargetDependency */ = {
			isa = PBXTargetDependency;
			target = 6FF0F62D2A14BC2100E41395 /* Melaka */;
			targetProxy = 6FF0F63F2A14BC2300E41395 /* PBXContainerItemProxy */;
		};
		CBD9DB432A1AEF5000770345 /* PBXTargetDependency */ = {
			isa = PBXTargetDependency;
			target = CBD9DB382A1AEF5000770345 /* Domain */;
			targetProxy = CBD9DB422A1AEF5000770345 /* PBXContainerItemProxy */;
		};
		CBD9DB452A1AEF5000770345 /* PBXTargetDependency */ = {
			isa = PBXTargetDependency;
			target = 6FF0F62D2A14BC2100E41395 /* Melaka */;
			targetProxy = CBD9DB442A1AEF5000770345 /* PBXContainerItemProxy */;
		};
		CBD9DB4B2A1AEF5000770345 /* PBXTargetDependency */ = {
			isa = PBXTargetDependency;
			target = CBD9DB382A1AEF5000770345 /* Domain */;
			targetProxy = CBD9DB4A2A1AEF5000770345 /* PBXContainerItemProxy */;
		};
		CBD9DB642A1AF5A400770345 /* PBXTargetDependency */ = {
			isa = PBXTargetDependency;
			target = CBD9DB592A1AF5A400770345 /* API */;
			targetProxy = CBD9DB632A1AF5A400770345 /* PBXContainerItemProxy */;
		};
		CBD9DB662A1AF5A400770345 /* PBXTargetDependency */ = {
			isa = PBXTargetDependency;
			target = 6FF0F62D2A14BC2100E41395 /* Melaka */;
			targetProxy = CBD9DB652A1AF5A400770345 /* PBXContainerItemProxy */;
		};
		CBD9DB6C2A1AF5A400770345 /* PBXTargetDependency */ = {
			isa = PBXTargetDependency;
			target = CBD9DB592A1AF5A400770345 /* API */;
			targetProxy = CBD9DB6B2A1AF5A400770345 /* PBXContainerItemProxy */;
		};
/* End PBXTargetDependency section */

/* Begin XCBuildConfiguration section */
		6FF0F6502A14BC2300E41395 /* Debug */ = {
			isa = XCBuildConfiguration;
			buildSettings = {
				ALWAYS_SEARCH_USER_PATHS = NO;
				CLANG_ANALYZER_NONNULL = YES;
				CLANG_ANALYZER_NUMBER_OBJECT_CONVERSION = YES_AGGRESSIVE;
				CLANG_CXX_LANGUAGE_STANDARD = "gnu++20";
				CLANG_ENABLE_MODULES = YES;
				CLANG_ENABLE_OBJC_ARC = YES;
				CLANG_ENABLE_OBJC_WEAK = YES;
				CLANG_WARN_BLOCK_CAPTURE_AUTORELEASING = YES;
				CLANG_WARN_BOOL_CONVERSION = YES;
				CLANG_WARN_COMMA = YES;
				CLANG_WARN_CONSTANT_CONVERSION = YES;
				CLANG_WARN_DEPRECATED_OBJC_IMPLEMENTATIONS = YES;
				CLANG_WARN_DIRECT_OBJC_ISA_USAGE = YES_ERROR;
				CLANG_WARN_DOCUMENTATION_COMMENTS = YES;
				CLANG_WARN_EMPTY_BODY = YES;
				CLANG_WARN_ENUM_CONVERSION = YES;
				CLANG_WARN_INFINITE_RECURSION = YES;
				CLANG_WARN_INT_CONVERSION = YES;
				CLANG_WARN_NON_LITERAL_NULL_CONVERSION = YES;
				CLANG_WARN_OBJC_IMPLICIT_RETAIN_SELF = YES;
				CLANG_WARN_OBJC_LITERAL_CONVERSION = YES;
				CLANG_WARN_OBJC_ROOT_CLASS = YES_ERROR;
				CLANG_WARN_QUOTED_INCLUDE_IN_FRAMEWORK_HEADER = YES;
				CLANG_WARN_RANGE_LOOP_ANALYSIS = YES;
				CLANG_WARN_STRICT_PROTOTYPES = YES;
				CLANG_WARN_SUSPICIOUS_MOVE = YES;
				CLANG_WARN_UNGUARDED_AVAILABILITY = YES_AGGRESSIVE;
				CLANG_WARN_UNREACHABLE_CODE = YES;
				CLANG_WARN__DUPLICATE_METHOD_MATCH = YES;
				COPY_PHASE_STRIP = NO;
				DEBUG_INFORMATION_FORMAT = dwarf;
				ENABLE_STRICT_OBJC_MSGSEND = YES;
				ENABLE_TESTABILITY = YES;
				GCC_C_LANGUAGE_STANDARD = gnu11;
				GCC_DYNAMIC_NO_PIC = NO;
				GCC_NO_COMMON_BLOCKS = YES;
				GCC_OPTIMIZATION_LEVEL = 0;
				GCC_PREPROCESSOR_DEFINITIONS = (
					"DEBUG=1",
					"$(inherited)",
				);
				GCC_WARN_64_TO_32_BIT_CONVERSION = YES;
				GCC_WARN_ABOUT_RETURN_TYPE = YES_ERROR;
				GCC_WARN_UNDECLARED_SELECTOR = YES;
				GCC_WARN_UNINITIALIZED_AUTOS = YES_AGGRESSIVE;
				GCC_WARN_UNUSED_FUNCTION = YES;
				GCC_WARN_UNUSED_VARIABLE = YES;
				IPHONEOS_DEPLOYMENT_TARGET = 16.0;
				MTL_ENABLE_DEBUG_INFO = INCLUDE_SOURCE;
				MTL_FAST_MATH = YES;
				ONLY_ACTIVE_ARCH = YES;
				SDKROOT = iphoneos;
				SWIFT_ACTIVE_COMPILATION_CONDITIONS = DEBUG;
				SWIFT_OPTIMIZATION_LEVEL = "-Onone";
			};
			name = Debug;
		};
		6FF0F6512A14BC2300E41395 /* Release */ = {
			isa = XCBuildConfiguration;
			buildSettings = {
				ALWAYS_SEARCH_USER_PATHS = NO;
				CLANG_ANALYZER_NONNULL = YES;
				CLANG_ANALYZER_NUMBER_OBJECT_CONVERSION = YES_AGGRESSIVE;
				CLANG_CXX_LANGUAGE_STANDARD = "gnu++20";
				CLANG_ENABLE_MODULES = YES;
				CLANG_ENABLE_OBJC_ARC = YES;
				CLANG_ENABLE_OBJC_WEAK = YES;
				CLANG_WARN_BLOCK_CAPTURE_AUTORELEASING = YES;
				CLANG_WARN_BOOL_CONVERSION = YES;
				CLANG_WARN_COMMA = YES;
				CLANG_WARN_CONSTANT_CONVERSION = YES;
				CLANG_WARN_DEPRECATED_OBJC_IMPLEMENTATIONS = YES;
				CLANG_WARN_DIRECT_OBJC_ISA_USAGE = YES_ERROR;
				CLANG_WARN_DOCUMENTATION_COMMENTS = YES;
				CLANG_WARN_EMPTY_BODY = YES;
				CLANG_WARN_ENUM_CONVERSION = YES;
				CLANG_WARN_INFINITE_RECURSION = YES;
				CLANG_WARN_INT_CONVERSION = YES;
				CLANG_WARN_NON_LITERAL_NULL_CONVERSION = YES;
				CLANG_WARN_OBJC_IMPLICIT_RETAIN_SELF = YES;
				CLANG_WARN_OBJC_LITERAL_CONVERSION = YES;
				CLANG_WARN_OBJC_ROOT_CLASS = YES_ERROR;
				CLANG_WARN_QUOTED_INCLUDE_IN_FRAMEWORK_HEADER = YES;
				CLANG_WARN_RANGE_LOOP_ANALYSIS = YES;
				CLANG_WARN_STRICT_PROTOTYPES = YES;
				CLANG_WARN_SUSPICIOUS_MOVE = YES;
				CLANG_WARN_UNGUARDED_AVAILABILITY = YES_AGGRESSIVE;
				CLANG_WARN_UNREACHABLE_CODE = YES;
				CLANG_WARN__DUPLICATE_METHOD_MATCH = YES;
				COPY_PHASE_STRIP = NO;
				DEBUG_INFORMATION_FORMAT = "dwarf-with-dsym";
				ENABLE_NS_ASSERTIONS = NO;
				ENABLE_STRICT_OBJC_MSGSEND = YES;
				GCC_C_LANGUAGE_STANDARD = gnu11;
				GCC_NO_COMMON_BLOCKS = YES;
				GCC_WARN_64_TO_32_BIT_CONVERSION = YES;
				GCC_WARN_ABOUT_RETURN_TYPE = YES_ERROR;
				GCC_WARN_UNDECLARED_SELECTOR = YES;
				GCC_WARN_UNINITIALIZED_AUTOS = YES_AGGRESSIVE;
				GCC_WARN_UNUSED_FUNCTION = YES;
				GCC_WARN_UNUSED_VARIABLE = YES;
				IPHONEOS_DEPLOYMENT_TARGET = 16.0;
				MTL_ENABLE_DEBUG_INFO = NO;
				MTL_FAST_MATH = YES;
				SDKROOT = iphoneos;
				SWIFT_COMPILATION_MODE = wholemodule;
				SWIFT_OPTIMIZATION_LEVEL = "-O";
				VALIDATE_PRODUCT = YES;
			};
			name = Release;
		};
		6FF0F6532A14BC2300E41395 /* Debug */ = {
			isa = XCBuildConfiguration;
			buildSettings = {
				ASSETCATALOG_COMPILER_APPICON_NAME = AppIcon;
				ASSETCATALOG_COMPILER_GLOBAL_ACCENT_COLOR_NAME = AccentColor;
				CODE_SIGN_IDENTITY = "iPhone Distribution";
				CODE_SIGN_STYLE = Manual;
				CURRENT_PROJECT_VERSION = 1;
				DEVELOPMENT_ASSET_PATHS = "\"Melaka/Preview Content\"";
				DEVELOPMENT_TEAM = 7SCK3YMYAS;
				ENABLE_PREVIEWS = YES;
				GENERATE_INFOPLIST_FILE = YES;
				INFOPLIST_KEY_UIApplicationSceneManifest_Generation = YES;
				INFOPLIST_KEY_UIApplicationSupportsIndirectInputEvents = YES;
				INFOPLIST_KEY_UILaunchScreen_Generation = YES;
				INFOPLIST_KEY_UILaunchStoryboardName = LaunchScreen.storyboard;
				INFOPLIST_KEY_UISupportedInterfaceOrientations = UIInterfaceOrientationPortrait;
				INFOPLIST_KEY_UISupportedInterfaceOrientations_iPad = "UIInterfaceOrientationLandscapeLeft UIInterfaceOrientationLandscapeRight UIInterfaceOrientationPortrait UIInterfaceOrientationPortraitUpsideDown";
				IPHONEOS_DEPLOYMENT_TARGET = 16.0;
				LD_RUNPATH_SEARCH_PATHS = (
					"$(inherited)",
					"@executable_path/Frameworks",
				);
				MARKETING_VERSION = 1.0.0;
				PRODUCT_BUNDLE_IDENTIFIER = com.yukimaterrace.ios.melaka;
				PRODUCT_NAME = "$(TARGET_NAME)";
				PROVISIONING_PROFILE_SPECIFIER = Melaka;
				SUPPORTED_PLATFORMS = "iphoneos iphonesimulator";
				SUPPORTS_MACCATALYST = NO;
				SUPPORTS_MAC_DESIGNED_FOR_IPHONE_IPAD = NO;
				SWIFT_EMIT_LOC_STRINGS = YES;
				SWIFT_VERSION = 5.0;
				TARGETED_DEVICE_FAMILY = 1;
			};
			name = Debug;
		};
		6FF0F6542A14BC2300E41395 /* Release */ = {
			isa = XCBuildConfiguration;
			buildSettings = {
				ASSETCATALOG_COMPILER_APPICON_NAME = AppIcon;
				ASSETCATALOG_COMPILER_GLOBAL_ACCENT_COLOR_NAME = AccentColor;
				CODE_SIGN_IDENTITY = "iPhone Distribution";
				CODE_SIGN_STYLE = Manual;
				CURRENT_PROJECT_VERSION = 1;
				DEVELOPMENT_ASSET_PATHS = "\"Melaka/Preview Content\"";
				DEVELOPMENT_TEAM = 7SCK3YMYAS;
				ENABLE_PREVIEWS = YES;
				GENERATE_INFOPLIST_FILE = YES;
				INFOPLIST_KEY_UIApplicationSceneManifest_Generation = YES;
				INFOPLIST_KEY_UIApplicationSupportsIndirectInputEvents = YES;
				INFOPLIST_KEY_UILaunchScreen_Generation = YES;
				INFOPLIST_KEY_UILaunchStoryboardName = LaunchScreen.storyboard;
				INFOPLIST_KEY_UISupportedInterfaceOrientations = UIInterfaceOrientationPortrait;
				INFOPLIST_KEY_UISupportedInterfaceOrientations_iPad = "UIInterfaceOrientationLandscapeLeft UIInterfaceOrientationLandscapeRight UIInterfaceOrientationPortrait UIInterfaceOrientationPortraitUpsideDown";
				IPHONEOS_DEPLOYMENT_TARGET = 16.0;
				LD_RUNPATH_SEARCH_PATHS = (
					"$(inherited)",
					"@executable_path/Frameworks",
				);
				MARKETING_VERSION = 1.0.0;
				PRODUCT_BUNDLE_IDENTIFIER = com.yukimaterrace.ios.melaka;
				PRODUCT_NAME = "$(TARGET_NAME)";
				PROVISIONING_PROFILE_SPECIFIER = Melaka;
				SUPPORTED_PLATFORMS = "iphoneos iphonesimulator";
				SUPPORTS_MACCATALYST = NO;
				SUPPORTS_MAC_DESIGNED_FOR_IPHONE_IPAD = NO;
				SWIFT_EMIT_LOC_STRINGS = YES;
				SWIFT_VERSION = 5.0;
				TARGETED_DEVICE_FAMILY = 1;
			};
			name = Release;
		};
		6FF0F6562A14BC2300E41395 /* Debug */ = {
			isa = XCBuildConfiguration;
			buildSettings = {
				ALWAYS_EMBED_SWIFT_STANDARD_LIBRARIES = YES;
				BUNDLE_LOADER = "$(TEST_HOST)";
				CODE_SIGN_STYLE = Automatic;
				CURRENT_PROJECT_VERSION = 1;
				DEVELOPMENT_TEAM = "";
				GENERATE_INFOPLIST_FILE = YES;
				IPHONEOS_DEPLOYMENT_TARGET = 16.0;
				MARKETING_VERSION = 1.0;
				PRODUCT_BUNDLE_IDENTIFIER = com.yukimaterrace.melakaTests;
				PRODUCT_NAME = "$(TARGET_NAME)";
				SUPPORTED_PLATFORMS = "iphoneos iphonesimulator";
				SUPPORTS_MACCATALYST = NO;
				SUPPORTS_MAC_DESIGNED_FOR_IPHONE_IPAD = YES;
				SWIFT_EMIT_LOC_STRINGS = NO;
				SWIFT_VERSION = 5.0;
				TARGETED_DEVICE_FAMILY = 1;
				TEST_HOST = "$(BUILT_PRODUCTS_DIR)/Melaka.app/$(BUNDLE_EXECUTABLE_FOLDER_PATH)/Melaka";
			};
			name = Debug;
		};
		6FF0F6572A14BC2300E41395 /* Release */ = {
			isa = XCBuildConfiguration;
			buildSettings = {
				ALWAYS_EMBED_SWIFT_STANDARD_LIBRARIES = YES;
				BUNDLE_LOADER = "$(TEST_HOST)";
				CODE_SIGN_STYLE = Automatic;
				CURRENT_PROJECT_VERSION = 1;
				DEVELOPMENT_TEAM = "";
				GENERATE_INFOPLIST_FILE = YES;
				IPHONEOS_DEPLOYMENT_TARGET = 16.0;
				MARKETING_VERSION = 1.0;
				PRODUCT_BUNDLE_IDENTIFIER = com.yukimaterrace.melakaTests;
				PRODUCT_NAME = "$(TARGET_NAME)";
				SUPPORTED_PLATFORMS = "iphoneos iphonesimulator";
				SUPPORTS_MACCATALYST = NO;
				SUPPORTS_MAC_DESIGNED_FOR_IPHONE_IPAD = YES;
				SWIFT_EMIT_LOC_STRINGS = NO;
				SWIFT_VERSION = 5.0;
				TARGETED_DEVICE_FAMILY = 1;
				TEST_HOST = "$(BUILT_PRODUCTS_DIR)/Melaka.app/$(BUNDLE_EXECUTABLE_FOLDER_PATH)/Melaka";
			};
			name = Release;
		};
		CBD9DB4F2A1AEF5000770345 /* Debug */ = {
			isa = XCBuildConfiguration;
			buildSettings = {
				CODE_SIGN_IDENTITY = "Apple Development";
				"CODE_SIGN_IDENTITY[sdk=iphoneos*]" = "iPhone Distribution";
				CODE_SIGN_STYLE = Manual;
				CURRENT_PROJECT_VERSION = 1;
				DEFINES_MODULE = YES;
				DEVELOPMENT_TEAM = 7SCK3YMYAS;
				"DEVELOPMENT_TEAM[sdk=iphoneos*]" = 7SCK3YMYAS;
				DYLIB_COMPATIBILITY_VERSION = 1;
				DYLIB_CURRENT_VERSION = 1;
				DYLIB_INSTALL_NAME_BASE = "@rpath";
				ENABLE_MODULE_VERIFIER = YES;
				GENERATE_INFOPLIST_FILE = YES;
				INFOPLIST_KEY_NSHumanReadableCopyright = "";
				INSTALL_PATH = "$(LOCAL_LIBRARY_DIR)/Frameworks";
				IPHONEOS_DEPLOYMENT_TARGET = 16.0;
				LD_RUNPATH_SEARCH_PATHS = (
					"$(inherited)",
					"@executable_path/Frameworks",
					"@loader_path/Frameworks",
				);
				MARKETING_VERSION = 1.0;
				MODULE_VERIFIER_SUPPORTED_LANGUAGES = "objective-c objective-c++";
				MODULE_VERIFIER_SUPPORTED_LANGUAGE_STANDARDS = "gnu11 gnu++20";
				PRODUCT_BUNDLE_IDENTIFIER = com.yukimaterrace.ios.melaka.domain;
				PRODUCT_NAME = "$(TARGET_NAME:c99extidentifier)";
				PROVISIONING_PROFILE_SPECIFIER = "";
				SKIP_INSTALL = YES;
				SUPPORTED_PLATFORMS = "iphoneos iphonesimulator";
				SUPPORTS_MACCATALYST = NO;
				SUPPORTS_MAC_DESIGNED_FOR_IPHONE_IPAD = NO;
				SWIFT_EMIT_LOC_STRINGS = YES;
				SWIFT_VERSION = 5.0;
				TARGETED_DEVICE_FAMILY = 1;
				VERSIONING_SYSTEM = "apple-generic";
				VERSION_INFO_PREFIX = "";
			};
			name = Debug;
		};
		CBD9DB502A1AEF5000770345 /* Release */ = {
			isa = XCBuildConfiguration;
			buildSettings = {
				CODE_SIGN_IDENTITY = "Apple Development";
				"CODE_SIGN_IDENTITY[sdk=iphoneos*]" = "iPhone Distribution";
				CODE_SIGN_STYLE = Manual;
				CURRENT_PROJECT_VERSION = 1;
				DEFINES_MODULE = YES;
				DEVELOPMENT_TEAM = 7SCK3YMYAS;
				"DEVELOPMENT_TEAM[sdk=iphoneos*]" = 7SCK3YMYAS;
				DYLIB_COMPATIBILITY_VERSION = 1;
				DYLIB_CURRENT_VERSION = 1;
				DYLIB_INSTALL_NAME_BASE = "@rpath";
				ENABLE_MODULE_VERIFIER = YES;
				GENERATE_INFOPLIST_FILE = YES;
				INFOPLIST_KEY_NSHumanReadableCopyright = "";
				INSTALL_PATH = "$(LOCAL_LIBRARY_DIR)/Frameworks";
				IPHONEOS_DEPLOYMENT_TARGET = 16.0;
				LD_RUNPATH_SEARCH_PATHS = (
					"$(inherited)",
					"@executable_path/Frameworks",
					"@loader_path/Frameworks",
				);
				MARKETING_VERSION = 1.0;
				MODULE_VERIFIER_SUPPORTED_LANGUAGES = "objective-c objective-c++";
				MODULE_VERIFIER_SUPPORTED_LANGUAGE_STANDARDS = "gnu11 gnu++20";
				PRODUCT_BUNDLE_IDENTIFIER = com.yukimaterrace.ios.melaka.domain;
				PRODUCT_NAME = "$(TARGET_NAME:c99extidentifier)";
				PROVISIONING_PROFILE_SPECIFIER = "";
				SKIP_INSTALL = YES;
				SUPPORTED_PLATFORMS = "iphoneos iphonesimulator";
				SUPPORTS_MACCATALYST = NO;
				SUPPORTS_MAC_DESIGNED_FOR_IPHONE_IPAD = NO;
				SWIFT_EMIT_LOC_STRINGS = YES;
				SWIFT_VERSION = 5.0;
				TARGETED_DEVICE_FAMILY = 1;
				VERSIONING_SYSTEM = "apple-generic";
				VERSION_INFO_PREFIX = "";
			};
			name = Release;
		};
		CBD9DB532A1AEF5000770345 /* Debug */ = {
			isa = XCBuildConfiguration;
			buildSettings = {
				ALWAYS_EMBED_SWIFT_STANDARD_LIBRARIES = YES;
				CODE_SIGN_IDENTITY = "Apple Development";
				CODE_SIGN_STYLE = Automatic;
				CURRENT_PROJECT_VERSION = 1;
				DEVELOPMENT_TEAM = "";
				GENERATE_INFOPLIST_FILE = YES;
				IPHONEOS_DEPLOYMENT_TARGET = 16.0;
				MARKETING_VERSION = 1.0;
				PRODUCT_NAME = "$(TARGET_NAME)";
				PROVISIONING_PROFILE_SPECIFIER = "";
				SUPPORTED_PLATFORMS = "iphoneos iphonesimulator";
				SUPPORTS_MACCATALYST = NO;
				SUPPORTS_MAC_DESIGNED_FOR_IPHONE_IPAD = NO;
				SWIFT_EMIT_LOC_STRINGS = NO;
				SWIFT_VERSION = 5.0;
				TARGETED_DEVICE_FAMILY = 1;
			};
			name = Debug;
		};
		CBD9DB542A1AEF5000770345 /* Release */ = {
			isa = XCBuildConfiguration;
			buildSettings = {
				ALWAYS_EMBED_SWIFT_STANDARD_LIBRARIES = YES;
				CODE_SIGN_IDENTITY = "Apple Development";
				CODE_SIGN_STYLE = Automatic;
				CURRENT_PROJECT_VERSION = 1;
				DEVELOPMENT_TEAM = "";
				GENERATE_INFOPLIST_FILE = YES;
				IPHONEOS_DEPLOYMENT_TARGET = 16.0;
				MARKETING_VERSION = 1.0;
				PRODUCT_NAME = "$(TARGET_NAME)";
				PROVISIONING_PROFILE_SPECIFIER = "";
				SUPPORTED_PLATFORMS = "iphoneos iphonesimulator";
				SUPPORTS_MACCATALYST = NO;
				SUPPORTS_MAC_DESIGNED_FOR_IPHONE_IPAD = NO;
				SWIFT_EMIT_LOC_STRINGS = NO;
				SWIFT_VERSION = 5.0;
				TARGETED_DEVICE_FAMILY = 1;
			};
			name = Release;
		};
		CBD9DB702A1AF5A400770345 /* Debug */ = {
			isa = XCBuildConfiguration;
			buildSettings = {
				CODE_SIGN_IDENTITY = "Apple Development";
				"CODE_SIGN_IDENTITY[sdk=iphoneos*]" = "iPhone Distribution";
				CODE_SIGN_STYLE = Manual;
				CURRENT_PROJECT_VERSION = 1;
				DEFINES_MODULE = YES;
				DEVELOPMENT_TEAM = "";
				"DEVELOPMENT_TEAM[sdk=iphoneos*]" = 7SCK3YMYAS;
				DYLIB_COMPATIBILITY_VERSION = 1;
				DYLIB_CURRENT_VERSION = 1;
				DYLIB_INSTALL_NAME_BASE = "@rpath";
				ENABLE_MODULE_VERIFIER = YES;
				GENERATE_INFOPLIST_FILE = YES;
				INFOPLIST_KEY_NSHumanReadableCopyright = "";
				INSTALL_PATH = "$(LOCAL_LIBRARY_DIR)/Frameworks";
				IPHONEOS_DEPLOYMENT_TARGET = 16.0;
				LD_RUNPATH_SEARCH_PATHS = (
					"$(inherited)",
					"@executable_path/Frameworks",
					"@loader_path/Frameworks",
				);
				MARKETING_VERSION = 1.0;
				MODULE_VERIFIER_SUPPORTED_LANGUAGES = "objective-c objective-c++";
				MODULE_VERIFIER_SUPPORTED_LANGUAGE_STANDARDS = "gnu11 gnu++20";
				PRODUCT_BUNDLE_IDENTIFIER = com.yukimaterrace.ios.melaka.api;
				PRODUCT_NAME = "$(TARGET_NAME:c99extidentifier)";
				PROVISIONING_PROFILE_SPECIFIER = "";
				SKIP_INSTALL = YES;
				SUPPORTED_PLATFORMS = "iphoneos iphonesimulator";
				SUPPORTS_MACCATALYST = NO;
				SUPPORTS_MAC_DESIGNED_FOR_IPHONE_IPAD = NO;
				SWIFT_EMIT_LOC_STRINGS = YES;
				SWIFT_VERSION = 5.0;
				TARGETED_DEVICE_FAMILY = 1;
				VERSIONING_SYSTEM = "apple-generic";
				VERSION_INFO_PREFIX = "";
			};
			name = Debug;
		};
		CBD9DB712A1AF5A400770345 /* Release */ = {
			isa = XCBuildConfiguration;
			buildSettings = {
				CODE_SIGN_IDENTITY = "Apple Development";
				"CODE_SIGN_IDENTITY[sdk=iphoneos*]" = "iPhone Distribution";
				CODE_SIGN_STYLE = Manual;
				CURRENT_PROJECT_VERSION = 1;
				DEFINES_MODULE = YES;
				DEVELOPMENT_TEAM = "";
				"DEVELOPMENT_TEAM[sdk=iphoneos*]" = 7SCK3YMYAS;
				DYLIB_COMPATIBILITY_VERSION = 1;
				DYLIB_CURRENT_VERSION = 1;
				DYLIB_INSTALL_NAME_BASE = "@rpath";
				ENABLE_MODULE_VERIFIER = YES;
				GENERATE_INFOPLIST_FILE = YES;
				INFOPLIST_KEY_NSHumanReadableCopyright = "";
				INSTALL_PATH = "$(LOCAL_LIBRARY_DIR)/Frameworks";
				IPHONEOS_DEPLOYMENT_TARGET = 16.0;
				LD_RUNPATH_SEARCH_PATHS = (
					"$(inherited)",
					"@executable_path/Frameworks",
					"@loader_path/Frameworks",
				);
				MARKETING_VERSION = 1.0;
				MODULE_VERIFIER_SUPPORTED_LANGUAGES = "objective-c objective-c++";
				MODULE_VERIFIER_SUPPORTED_LANGUAGE_STANDARDS = "gnu11 gnu++20";
				PRODUCT_BUNDLE_IDENTIFIER = com.yukimaterrace.ios.melaka.api;
				PRODUCT_NAME = "$(TARGET_NAME:c99extidentifier)";
				PROVISIONING_PROFILE_SPECIFIER = "";
				SKIP_INSTALL = YES;
				SUPPORTED_PLATFORMS = "iphoneos iphonesimulator";
				SUPPORTS_MACCATALYST = NO;
				SUPPORTS_MAC_DESIGNED_FOR_IPHONE_IPAD = NO;
				SWIFT_EMIT_LOC_STRINGS = YES;
				SWIFT_VERSION = 5.0;
				TARGETED_DEVICE_FAMILY = 1;
				VERSIONING_SYSTEM = "apple-generic";
				VERSION_INFO_PREFIX = "";
			};
			name = Release;
		};
		CBD9DB732A1AF5A400770345 /* Debug */ = {
			isa = XCBuildConfiguration;
			buildSettings = {
				ALWAYS_EMBED_SWIFT_STANDARD_LIBRARIES = YES;
				CODE_SIGN_STYLE = Automatic;
				CURRENT_PROJECT_VERSION = 1;
				DEVELOPMENT_TEAM = "";
				GENERATE_INFOPLIST_FILE = YES;
				IPHONEOS_DEPLOYMENT_TARGET = 16.0;
				MARKETING_VERSION = 1.0;
				PRODUCT_NAME = "$(TARGET_NAME)";
				SUPPORTED_PLATFORMS = "iphoneos iphonesimulator";
				SUPPORTS_MACCATALYST = NO;
				SUPPORTS_MAC_DESIGNED_FOR_IPHONE_IPAD = NO;
				SWIFT_EMIT_LOC_STRINGS = NO;
				SWIFT_VERSION = 5.0;
				TARGETED_DEVICE_FAMILY = 1;
			};
			name = Debug;
		};
		CBD9DB742A1AF5A400770345 /* Release */ = {
			isa = XCBuildConfiguration;
			buildSettings = {
				ALWAYS_EMBED_SWIFT_STANDARD_LIBRARIES = YES;
				CODE_SIGN_STYLE = Automatic;
				CURRENT_PROJECT_VERSION = 1;
				DEVELOPMENT_TEAM = "";
				GENERATE_INFOPLIST_FILE = YES;
				IPHONEOS_DEPLOYMENT_TARGET = 16.0;
				MARKETING_VERSION = 1.0;
				PRODUCT_NAME = "$(TARGET_NAME)";
				SUPPORTED_PLATFORMS = "iphoneos iphonesimulator";
				SUPPORTS_MACCATALYST = NO;
				SUPPORTS_MAC_DESIGNED_FOR_IPHONE_IPAD = NO;
				SWIFT_EMIT_LOC_STRINGS = NO;
				SWIFT_VERSION = 5.0;
				TARGETED_DEVICE_FAMILY = 1;
			};
			name = Release;
		};
/* End XCBuildConfiguration section */

/* Begin XCConfigurationList section */
		6FF0F6292A14BC2100E41395 /* Build configuration list for PBXProject "Melaka" */ = {
			isa = XCConfigurationList;
			buildConfigurations = (
				6FF0F6502A14BC2300E41395 /* Debug */,
				6FF0F6512A14BC2300E41395 /* Release */,
			);
			defaultConfigurationIsVisible = 0;
			defaultConfigurationName = Release;
		};
		6FF0F6522A14BC2300E41395 /* Build configuration list for PBXNativeTarget "Melaka" */ = {
			isa = XCConfigurationList;
			buildConfigurations = (
				6FF0F6532A14BC2300E41395 /* Debug */,
				6FF0F6542A14BC2300E41395 /* Release */,
			);
			defaultConfigurationIsVisible = 0;
			defaultConfigurationName = Release;
		};
		6FF0F6552A14BC2300E41395 /* Build configuration list for PBXNativeTarget "MelakaTests" */ = {
			isa = XCConfigurationList;
			buildConfigurations = (
				6FF0F6562A14BC2300E41395 /* Debug */,
				6FF0F6572A14BC2300E41395 /* Release */,
			);
			defaultConfigurationIsVisible = 0;
			defaultConfigurationName = Release;
		};
		CBD9DB4E2A1AEF5000770345 /* Build configuration list for PBXNativeTarget "Domain" */ = {
			isa = XCConfigurationList;
			buildConfigurations = (
				CBD9DB4F2A1AEF5000770345 /* Debug */,
				CBD9DB502A1AEF5000770345 /* Release */,
			);
			defaultConfigurationIsVisible = 0;
			defaultConfigurationName = Release;
		};
		CBD9DB522A1AEF5000770345 /* Build configuration list for PBXNativeTarget "DomainTests" */ = {
			isa = XCConfigurationList;
			buildConfigurations = (
				CBD9DB532A1AEF5000770345 /* Debug */,
				CBD9DB542A1AEF5000770345 /* Release */,
			);
			defaultConfigurationIsVisible = 0;
			defaultConfigurationName = Release;
		};
		CBD9DB6F2A1AF5A400770345 /* Build configuration list for PBXNativeTarget "API" */ = {
			isa = XCConfigurationList;
			buildConfigurations = (
				CBD9DB702A1AF5A400770345 /* Debug */,
				CBD9DB712A1AF5A400770345 /* Release */,
			);
			defaultConfigurationIsVisible = 0;
			defaultConfigurationName = Release;
		};
		CBD9DB722A1AF5A400770345 /* Build configuration list for PBXNativeTarget "APITests" */ = {
			isa = XCConfigurationList;
			buildConfigurations = (
				CBD9DB732A1AF5A400770345 /* Debug */,
				CBD9DB742A1AF5A400770345 /* Release */,
			);
			defaultConfigurationIsVisible = 0;
			defaultConfigurationName = Release;
		};
/* End XCConfigurationList section */

/* Begin XCRemoteSwiftPackageReference section */
		CBD9DB312A1AED4900770345 /* XCRemoteSwiftPackageReference "Alamofire" */ = {
			isa = XCRemoteSwiftPackageReference;
			repositoryURL = "https://github.com/Alamofire/Alamofire.git";
			requirement = {
				kind = upToNextMajorVersion;
				minimumVersion = 5.7.0;
			};
		};
/* End XCRemoteSwiftPackageReference section */

/* Begin XCSwiftPackageProductDependency section */
		CBD9DB762A1AF5BA00770345 /* Alamofire */ = {
			isa = XCSwiftPackageProductDependency;
			package = CBD9DB312A1AED4900770345 /* XCRemoteSwiftPackageReference "Alamofire" */;
			productName = Alamofire;
		};
/* End XCSwiftPackageProductDependency section */
	};
	rootObject = 6FF0F6262A14BC2100E41395 /* Project object */;
}
